
Microsoft Visual Studio Solution File, Format Version 12.00
# Visual Studio Version 17
VisualStudioVersion = 17.0.31919.166
MinimumVisualStudioVersion = 10.0.40219.1
Project("{9A19103F-16F7-4668-BE54-9A1E7A4F7556}") = "League.BL", "League.BL\League.BL.csproj", "{6B4BFC95-5BC9-48E4-9AFC-706897AB2191}"
EndProject
Project("{2150E333-8FDC-42A3-9474-1A3956D46DE8}") = "TestApps", "TestApps", "{67FD294E-3A6B-43C4-9D3C-BF368B6BE2FA}"
EndProject
Project("{9A19103F-16F7-4668-BE54-9A1E7A4F7556}") = "ConsoleAppBLtest", "ConsoleAppBLtest\ConsoleAppBLtest.csproj", "{A11C2383-313D-4A36-ADB9-CAD5BCCF022F}"
EndProject
Project("{9A19103F-16F7-4668-BE54-9A1E7A4F7556}") = "TestProjectDomein", "TestProjectDomein\TestProjectDomein.csproj", "{DC6C3746-63C8-450F-87AD-554498072274}"
EndProject
Project("{9A19103F-16F7-4668-BE54-9A1E7A4F7556}") = "League.DL", "League.DL\League.DL.csproj", "{688B736A-D926-476E-8724-7476EF7543E2}"
EndProject
Project("{9A19103F-16F7-4668-BE54-9A1E7A4F7556}") = "ConsoleAppDLtest", "ConsoleAppDLtest\ConsoleAppDLtest.csproj", "{57375DE9-2F19-4FFF-94F7-4BA138480E61}"
EndProject
Project("{FAE04EC0-301F-11D3-BF4B-00C04F79EFBC}") = "League.UI", "League.UI\League.UI.csproj", "{20B51A58-01F2-423A-8E6F-DAE80D63BED1}"
EndProject
Global
	GlobalSection(SolutionConfigurationPlatforms) = preSolution
		Debug|Any CPU = Debug|Any CPU
		Release|Any CPU = Release|Any CPU
	EndGlobalSection
	GlobalSection(ProjectConfigurationPlatforms) = postSolution
		{6B4BFC95-5BC9-48E4-9AFC-706897AB2191}.Debug|Any CPU.ActiveCfg = Debug|Any CPU
		{6B4BFC95-5BC9-48E4-9AFC-706897AB2191}.Debug|Any CPU.Build.0 = Debug|Any CPU
		{6B4BFC95-5BC9-48E4-9AFC-706897AB2191}.Release|Any CPU.ActiveCfg = Release|Any CPU
		{6B4BFC95-5BC9-48E4-9AFC-706897AB2191}.Release|Any CPU.Build.0 = Release|Any CPU
		{A11C2383-313D-4A36-ADB9-CAD5BCCF022F}.Debug|Any CPU.ActiveCfg = Debug|Any CPU
		{A11C2383-313D-4A36-ADB9-CAD5BCCF022F}.Debug|Any CPU.Build.0 = Debug|Any CPU
		{A11C2383-313D-4A36-ADB9-CAD5BCCF022F}.Release|Any CPU.ActiveCfg = Release|Any CPU
		{A11C2383-313D-4A36-ADB9-CAD5BCCF022F}.Release|Any CPU.Build.0 = Release|Any CPU
		{DC6C3746-63C8-450F-87AD-554498072274}.Debug|Any CPU.ActiveCfg = Debug|Any CPU
		{DC6C3746-63C8-450F-87AD-554498072274}.Debug|Any CPU.Build.0 = Debug|Any CPU
		{DC6C3746-63C8-450F-87AD-554498072274}.Release|Any CPU.ActiveCfg = Release|Any CPU
		{DC6C3746-63C8-450F-87AD-554498072274}.Release|Any CPU.Build.0 = Release|Any CPU
		{688B736A-D926-476E-8724-7476EF7543E2}.Debug|Any CPU.ActiveCfg = Debug|Any CPU
		{688B736A-D926-476E-8724-7476EF7543E2}.Debug|Any CPU.Build.0 = Debug|Any CPU
		{688B736A-D926-476E-8724-7476EF7543E2}.Release|Any CPU.ActiveCfg = Release|Any CPU
		{688B736A-D926-476E-8724-7476EF7543E2}.Release|Any CPU.Build.0 = Release|Any CPU
		{57375DE9-2F19-4FFF-94F7-4BA138480E61}.Debug|Any CPU.ActiveCfg = Debug|Any CPU
		{57375DE9-2F19-4FFF-94F7-4BA138480E61}.Debug|Any CPU.Build.0 = Debug|Any CPU
		{57375DE9-2F19-4FFF-94F7-4BA138480E61}.Release|Any CPU.ActiveCfg = Release|Any CPU
		{57375DE9-2F19-4FFF-94F7-4BA138480E61}.Release|Any CPU.Build.0 = Release|Any CPU
		{20B51A58-01F2-423A-8E6F-DAE80D63BED1}.Debug|Any CPU.ActiveCfg = Debug|Any CPU
		{20B51A58-01F2-423A-8E6F-DAE80D63BED1}.Debug|Any CPU.Build.0 = Debug|Any CPU
		{20B51A58-01F2-423A-8E6F-DAE80D63BED1}.Release|Any CPU.ActiveCfg = Release|Any CPU
		{20B51A58-01F2-423A-8E6F-DAE80D63BED1}.Release|Any CPU.Build.0 = Release|Any CPU
	EndGlobalSection
	GlobalSection(SolutionProperties) = preSolution
		HideSolutionNode = FALSE
	EndGlobalSection
	GlobalSection(NestedProjects) = preSolution
		{A11C2383-313D-4A36-ADB9-CAD5BCCF022F} = {67FD294E-3A6B-43C4-9D3C-BF368B6BE2FA}
		{57375DE9-2F19-4FFF-94F7-4BA138480E61} = {67FD294E-3A6B-43C4-9D3C-BF368B6BE2FA}
	EndGlobalSection
	GlobalSection(ExtensibilityGlobals) = postSolution
		SolutionGuid = {A778FCE4-F1E1-4488-AA3B-718BE081E9B4}
	EndGlobalSection
EndGlobal
